// !$*UTF8*$!
{
	archiveVersion = 1;
	classes = {
	};
	objectVersion = 51;
	objects = {

/* Begin PBXBuildFile section */
		6F5A540C4BAB73145E191152 /* Pods_Template_project_MVP.framework in Frameworks */ = {isa = PBXBuildFile; fileRef = 6CC8BE204F7BE6B6A08C2F9D /* Pods_Template_project_MVP.framework */; };
		79754717C9EB9197ADC4D0CA /* libPods-Template_project_MVPTests.a in Frameworks */ = {isa = PBXBuildFile; fileRef = BA933BBEEBA1A3EDDFCE36C7 /* libPods-Template_project_MVPTests.a */; };
		A4E471F82669954700BFF45A /* Debug.xcconfig in Resources */ = {isa = PBXBuildFile; fileRef = A4E471F62669954700BFF45A /* Debug.xcconfig */; };
		A4E471F92669954700BFF45A /* Release.xcconfig in Resources */ = {isa = PBXBuildFile; fileRef = A4E471F72669954700BFF45A /* Release.xcconfig */; };
		A4E471FB2669958700BFF45A /* Environment.swift in Sources */ = {isa = PBXBuildFile; fileRef = A4E471FA2669958700BFF45A /* Environment.swift */; };
		A6D75C499F74ED79E8E2964D /* libPods-Template_project_MVPUITests.a in Frameworks */ = {isa = PBXBuildFile; fileRef = 55BEBE90F085CA99552FB005 /* libPods-Template_project_MVPUITests.a */; };
		AE7AE26F260105C9006230E9 /* Template_project__MVPTests.swift in Sources */ = {isa = PBXBuildFile; fileRef = AE7AE26E260105C9006230E9 /* Template_project__MVPTests.swift */; };
		AE7AE27A260105C9006230E9 /* Template_project__MVPUITests.swift in Sources */ = {isa = PBXBuildFile; fileRef = AE7AE279260105C9006230E9 /* Template_project__MVPUITests.swift */; };
		AE81615426050874000D3366 /* DatabaseService.swift in Sources */ = {isa = PBXBuildFile; fileRef = AE81613726050874000D3366 /* DatabaseService.swift */; };
		AE81615526050874000D3366 /* AppDelegate.swift in Sources */ = {isa = PBXBuildFile; fileRef = AE81613E26050874000D3366 /* AppDelegate.swift */; };
		AE81615726050874000D3366 /* SceneDelegate.swift in Sources */ = {isa = PBXBuildFile; fileRef = AE81614326050874000D3366 /* SceneDelegate.swift */; };
		AE81615826050874000D3366 /* LaunchScreen.storyboard in Resources */ = {isa = PBXBuildFile; fileRef = AE81614526050874000D3366 /* LaunchScreen.storyboard */; };
		AE81615926050874000D3366 /* Main.storyboard in Resources */ = {isa = PBXBuildFile; fileRef = AE81614726050874000D3366 /* Main.storyboard */; };
		AE81615A26050874000D3366 /* TemplateViewController.swift in Sources */ = {isa = PBXBuildFile; fileRef = AE81614D26050874000D3366 /* TemplateViewController.swift */; };
		AE81615B26050874000D3366 /* TemplateViewPresenter.swift in Sources */ = {isa = PBXBuildFile; fileRef = AE81614E26050874000D3366 /* TemplateViewPresenter.swift */; };
		AE81615C26050874000D3366 /* TemplateViewController.storyboard in Resources */ = {isa = PBXBuildFile; fileRef = AE81614F26050874000D3366 /* TemplateViewController.storyboard */; };
		AE81615D26050874000D3366 /* MainNavigationController.swift in Sources */ = {isa = PBXBuildFile; fileRef = AE81615026050874000D3366 /* MainNavigationController.swift */; };
		AE81615E26050874000D3366 /* Assets.xcassets in Resources */ = {isa = PBXBuildFile; fileRef = AE81615226050874000D3366 /* Assets.xcassets */; };
		AE90EFF22617596700175433 /* UserDefaults.swift in Sources */ = {isa = PBXBuildFile; fileRef = AE90EFF12617596700175433 /* UserDefaults.swift */; };
		AE90EFF7261759B700175433 /* Constants.swift in Sources */ = {isa = PBXBuildFile; fileRef = AE90EFF6261759B700175433 /* Constants.swift */; };
		AE91313D2613669800E72417 /* ReachabilityManager.swift in Sources */ = {isa = PBXBuildFile; fileRef = AE91313A2613669800E72417 /* ReachabilityManager.swift */; };
		AE91313E2613669800E72417 /* EnvironmentInterceptor.swift in Sources */ = {isa = PBXBuildFile; fileRef = AE91313B2613669800E72417 /* EnvironmentInterceptor.swift */; };
		AE91313F2613669800E72417 /* Template_project.swift in Sources */ = {isa = PBXBuildFile; fileRef = AE91313C2613669800E72417 /* Template_project.swift */; };
		AE91314D261366FB00E72417 /* AuthProvider.swift in Sources */ = {isa = PBXBuildFile; fileRef = AE913144261366FB00E72417 /* AuthProvider.swift */; };
		AE91314E261366FB00E72417 /* AuthNetwork.swift in Sources */ = {isa = PBXBuildFile; fileRef = AE913145261366FB00E72417 /* AuthNetwork.swift */; };
		AE91314F261366FB00E72417 /* UABuilder.swift in Sources */ = {isa = PBXBuildFile; fileRef = AE913147261366FB00E72417 /* UABuilder.swift */; };
		AE913150261366FB00E72417 /* Netowrkable.swift in Sources */ = {isa = PBXBuildFile; fileRef = AE913148261366FB00E72417 /* Netowrkable.swift */; };
		AE913151261366FB00E72417 /* JSONDataConverterService.swift in Sources */ = {isa = PBXBuildFile; fileRef = AE913149261366FB00E72417 /* JSONDataConverterService.swift */; };
		AE913152261366FB00E72417 /* TemplateNetwork.swift in Sources */ = {isa = PBXBuildFile; fileRef = AE91314B261366FB00E72417 /* TemplateNetwork.swift */; };
		AE913153261366FB00E72417 /* TemplateProvider.swift in Sources */ = {isa = PBXBuildFile; fileRef = AE91314C261366FB00E72417 /* TemplateProvider.swift */; };
		AE9131612613690900E72417 /* UserDetailsStore.swift in Sources */ = {isa = PBXBuildFile; fileRef = AE9131602613690900E72417 /* UserDetailsStore.swift */; };
		AE9131662613704D00E72417 /* Log.swift in Sources */ = {isa = PBXBuildFile; fileRef = AE9131652613704D00E72417 /* Log.swift */; };
		AE9167CF2625A05E004C02D9 /* StoryboardInstantiatable.swift in Sources */ = {isa = PBXBuildFile; fileRef = AE9167CE2625A05E004C02D9 /* StoryboardInstantiatable.swift */; };
		AE9167D42625C33C004C02D9 /* ViewControllerRepresentable.swift in Sources */ = {isa = PBXBuildFile; fileRef = AE9167D32625C33C004C02D9 /* ViewControllerRepresentable.swift */; };
		AE9167D92625C37A004C02D9 /* UIViewController+StoryboardInstantiatable.swift in Sources */ = {isa = PBXBuildFile; fileRef = AE9167D82625C37A004C02D9 /* UIViewController+StoryboardInstantiatable.swift */; };
		AE9167DE2625C3A7004C02D9 /* UIViewController+ViewControllerRepresentable.swift in Sources */ = {isa = PBXBuildFile; fileRef = AE9167DD2625C3A7004C02D9 /* UIViewController+ViewControllerRepresentable.swift */; };
		AE9167E42625C3E4004C02D9 /* UIStoryboard+Identifier.swift in Sources */ = {isa = PBXBuildFile; fileRef = AE9167E32625C3E4004C02D9 /* UIStoryboard+Identifier.swift */; };
		AE9167EC2625C406004C02D9 /* UIViewController+NibRepresentable.swift in Sources */ = {isa = PBXBuildFile; fileRef = AE9167EB2625C406004C02D9 /* UIViewController+NibRepresentable.swift */; };
		AE9167F12625C46D004C02D9 /* NibRepresentable.swift in Sources */ = {isa = PBXBuildFile; fileRef = AE9167F02625C46D004C02D9 /* NibRepresentable.swift */; };
		AE9167F62625C5D5004C02D9 /* Collection+SafeSubscript.swift in Sources */ = {isa = PBXBuildFile; fileRef = AE9167F52625C5D5004C02D9 /* Collection+SafeSubscript.swift */; };
		AEF4D18F260E2E18002D2F1F /* Localizable.strings in Resources */ = {isa = PBXBuildFile; fileRef = AEF4D18E260E2E18002D2F1F /* Localizable.strings */; };
		AEF4D197260E30CC002D2F1F /* String+Localized.swift in Sources */ = {isa = PBXBuildFile; fileRef = AEF4D196260E30CC002D2F1F /* String+Localized.swift */; };
		AEF4D19C260E30E1002D2F1F /* UIView+NibRepresentable.swift in Sources */ = {isa = PBXBuildFile; fileRef = AEF4D19B260E30E1002D2F1F /* UIView+NibRepresentable.swift */; };
		AEF4D1A1260E3119002D2F1F /* UICollectionView+Cell.swift in Sources */ = {isa = PBXBuildFile; fileRef = AEF4D1A0260E3119002D2F1F /* UICollectionView+Cell.swift */; };
		AEF4D1A6260E3150002D2F1F /* UITableView+Cell.swift in Sources */ = {isa = PBXBuildFile; fileRef = AEF4D1A5260E3150002D2F1F /* UITableView+Cell.swift */; };
/* End PBXBuildFile section */

/* Begin PBXContainerItemProxy section */
		AE7AE26B260105C9006230E9 /* PBXContainerItemProxy */ = {
			isa = PBXContainerItemProxy;
			containerPortal = AE7AE24C260105C7006230E9 /* Project object */;
			proxyType = 1;
			remoteGlobalIDString = AE7AE253260105C7006230E9;
			remoteInfo = "Template_project. MVP";
		};
		AE7AE276260105C9006230E9 /* PBXContainerItemProxy */ = {
			isa = PBXContainerItemProxy;
			containerPortal = AE7AE24C260105C7006230E9 /* Project object */;
			proxyType = 1;
			remoteGlobalIDString = AE7AE253260105C7006230E9;
			remoteInfo = "Template_project. MVP";
		};
/* End PBXContainerItemProxy section */

/* Begin PBXFileReference section */
		55BEBE90F085CA99552FB005 /* libPods-Template_project_MVPUITests.a */ = {isa = PBXFileReference; explicitFileType = archive.ar; includeInIndex = 0; path = "libPods-Template_project_MVPUITests.a"; sourceTree = BUILT_PRODUCTS_DIR; };
		56B4EDC0F31877935F8789CF /* Pods-Template_project_MVPTests.debug.xcconfig */ = {isa = PBXFileReference; includeInIndex = 1; lastKnownFileType = text.xcconfig; name = "Pods-Template_project_MVPTests.debug.xcconfig"; path = "Target Support Files/Pods-Template_project_MVPTests/Pods-Template_project_MVPTests.debug.xcconfig"; sourceTree = "<group>"; };
		6CC8BE204F7BE6B6A08C2F9D /* Pods_Template_project_MVP.framework */ = {isa = PBXFileReference; explicitFileType = wrapper.framework; includeInIndex = 0; path = Pods_Template_project_MVP.framework; sourceTree = BUILT_PRODUCTS_DIR; };
		7C82C2F63281DB087D3B7265 /* Pods-Template_project_MVPUITests.release.xcconfig */ = {isa = PBXFileReference; includeInIndex = 1; lastKnownFileType = text.xcconfig; name = "Pods-Template_project_MVPUITests.release.xcconfig"; path = "Target Support Files/Pods-Template_project_MVPUITests/Pods-Template_project_MVPUITests.release.xcconfig"; sourceTree = "<group>"; };
		81D7DD4F95B03226E29ADDA5 /* Pods-Template_project_MVPTests.release.xcconfig */ = {isa = PBXFileReference; includeInIndex = 1; lastKnownFileType = text.xcconfig; name = "Pods-Template_project_MVPTests.release.xcconfig"; path = "Target Support Files/Pods-Template_project_MVPTests/Pods-Template_project_MVPTests.release.xcconfig"; sourceTree = "<group>"; };
		8AD44B84595BB7278670AA83 /* Pods-Template_project_MVP.release.xcconfig */ = {isa = PBXFileReference; includeInIndex = 1; lastKnownFileType = text.xcconfig; name = "Pods-Template_project_MVP.release.xcconfig"; path = "Target Support Files/Pods-Template_project_MVP/Pods-Template_project_MVP.release.xcconfig"; sourceTree = "<group>"; };
		A4E471F62669954700BFF45A /* Debug.xcconfig */ = {isa = PBXFileReference; fileEncoding = 4; lastKnownFileType = text.xcconfig; path = Debug.xcconfig; sourceTree = "<group>"; };
		A4E471F72669954700BFF45A /* Release.xcconfig */ = {isa = PBXFileReference; fileEncoding = 4; lastKnownFileType = text.xcconfig; path = Release.xcconfig; sourceTree = "<group>"; };
		A4E471FA2669958700BFF45A /* Environment.swift */ = {isa = PBXFileReference; fileEncoding = 4; lastKnownFileType = sourcecode.swift; path = Environment.swift; sourceTree = "<group>"; };
		A7A9A0E67D743CC2742A3814 /* Pods-Template_project_MVP.debug.xcconfig */ = {isa = PBXFileReference; includeInIndex = 1; lastKnownFileType = text.xcconfig; name = "Pods-Template_project_MVP.debug.xcconfig"; path = "Target Support Files/Pods-Template_project_MVP/Pods-Template_project_MVP.debug.xcconfig"; sourceTree = "<group>"; };
		AE7AE254260105C7006230E9 /* Template_project_MVP.app */ = {isa = PBXFileReference; explicitFileType = wrapper.application; includeInIndex = 0; path = Template_project_MVP.app; sourceTree = BUILT_PRODUCTS_DIR; };
		AE7AE26A260105C9006230E9 /* Template_project_MVPTests.xctest */ = {isa = PBXFileReference; explicitFileType = wrapper.cfbundle; includeInIndex = 0; path = Template_project_MVPTests.xctest; sourceTree = BUILT_PRODUCTS_DIR; };
		AE7AE26E260105C9006230E9 /* Template_project__MVPTests.swift */ = {isa = PBXFileReference; lastKnownFileType = sourcecode.swift; path = Template_project__MVPTests.swift; sourceTree = "<group>"; };
		AE7AE270260105C9006230E9 /* Info.plist */ = {isa = PBXFileReference; lastKnownFileType = text.plist.xml; path = Info.plist; sourceTree = "<group>"; };
		AE7AE275260105C9006230E9 /* Template_project_MVPUITests.xctest */ = {isa = PBXFileReference; explicitFileType = wrapper.cfbundle; includeInIndex = 0; path = Template_project_MVPUITests.xctest; sourceTree = BUILT_PRODUCTS_DIR; };
		AE7AE279260105C9006230E9 /* Template_project__MVPUITests.swift */ = {isa = PBXFileReference; lastKnownFileType = sourcecode.swift; path = Template_project__MVPUITests.swift; sourceTree = "<group>"; };
		AE7AE27B260105C9006230E9 /* Info.plist */ = {isa = PBXFileReference; lastKnownFileType = text.plist.xml; path = Info.plist; sourceTree = "<group>"; };
		AE81613726050874000D3366 /* DatabaseService.swift */ = {isa = PBXFileReference; fileEncoding = 4; lastKnownFileType = sourcecode.swift; path = DatabaseService.swift; sourceTree = "<group>"; };
		AE81613E26050874000D3366 /* AppDelegate.swift */ = {isa = PBXFileReference; fileEncoding = 4; lastKnownFileType = sourcecode.swift; path = AppDelegate.swift; sourceTree = "<group>"; };
		AE81614126050874000D3366 /* Info.plist */ = {isa = PBXFileReference; fileEncoding = 4; lastKnownFileType = text.plist.xml; path = Info.plist; sourceTree = "<group>"; };
		AE81614326050874000D3366 /* SceneDelegate.swift */ = {isa = PBXFileReference; fileEncoding = 4; lastKnownFileType = sourcecode.swift; path = SceneDelegate.swift; sourceTree = "<group>"; };
		AE81614626050874000D3366 /* Base */ = {isa = PBXFileReference; lastKnownFileType = file.storyboard; name = Base; path = Base.lproj/LaunchScreen.storyboard; sourceTree = "<group>"; };
		AE81614826050874000D3366 /* Base */ = {isa = PBXFileReference; lastKnownFileType = file.storyboard; name = Base; path = Base.lproj/Main.storyboard; sourceTree = "<group>"; };
		AE81614D26050874000D3366 /* TemplateViewController.swift */ = {isa = PBXFileReference; fileEncoding = 4; lastKnownFileType = sourcecode.swift; path = TemplateViewController.swift; sourceTree = "<group>"; };
		AE81614E26050874000D3366 /* TemplateViewPresenter.swift */ = {isa = PBXFileReference; fileEncoding = 4; lastKnownFileType = sourcecode.swift; path = TemplateViewPresenter.swift; sourceTree = "<group>"; };
		AE81614F26050874000D3366 /* TemplateViewController.storyboard */ = {isa = PBXFileReference; fileEncoding = 4; lastKnownFileType = file.storyboard; path = TemplateViewController.storyboard; sourceTree = "<group>"; };
		AE81615026050874000D3366 /* MainNavigationController.swift */ = {isa = PBXFileReference; fileEncoding = 4; lastKnownFileType = sourcecode.swift; path = MainNavigationController.swift; sourceTree = "<group>"; };
		AE81615226050874000D3366 /* Assets.xcassets */ = {isa = PBXFileReference; lastKnownFileType = folder.assetcatalog; path = Assets.xcassets; sourceTree = "<group>"; };
		AE90EFF12617596700175433 /* UserDefaults.swift */ = {isa = PBXFileReference; lastKnownFileType = sourcecode.swift; path = UserDefaults.swift; sourceTree = "<group>"; };
		AE90EFF6261759B700175433 /* Constants.swift */ = {isa = PBXFileReference; lastKnownFileType = sourcecode.swift; path = Constants.swift; sourceTree = "<group>"; };
		AE91313A2613669800E72417 /* ReachabilityManager.swift */ = {isa = PBXFileReference; fileEncoding = 4; lastKnownFileType = sourcecode.swift; path = ReachabilityManager.swift; sourceTree = "<group>"; };
		AE91313B2613669800E72417 /* EnvironmentInterceptor.swift */ = {isa = PBXFileReference; fileEncoding = 4; lastKnownFileType = sourcecode.swift; path = EnvironmentInterceptor.swift; sourceTree = "<group>"; };
		AE91313C2613669800E72417 /* Template_project.swift */ = {isa = PBXFileReference; fileEncoding = 4; lastKnownFileType = sourcecode.swift; path = Template_project.swift; sourceTree = "<group>"; };
		AE913144261366FB00E72417 /* AuthProvider.swift */ = {isa = PBXFileReference; fileEncoding = 4; lastKnownFileType = sourcecode.swift; path = AuthProvider.swift; sourceTree = "<group>"; };
		AE913145261366FB00E72417 /* AuthNetwork.swift */ = {isa = PBXFileReference; fileEncoding = 4; lastKnownFileType = sourcecode.swift; path = AuthNetwork.swift; sourceTree = "<group>"; };
		AE913147261366FB00E72417 /* UABuilder.swift */ = {isa = PBXFileReference; fileEncoding = 4; lastKnownFileType = sourcecode.swift; path = UABuilder.swift; sourceTree = "<group>"; };
		AE913148261366FB00E72417 /* Netowrkable.swift */ = {isa = PBXFileReference; fileEncoding = 4; lastKnownFileType = sourcecode.swift; path = Netowrkable.swift; sourceTree = "<group>"; };
		AE913149261366FB00E72417 /* JSONDataConverterService.swift */ = {isa = PBXFileReference; fileEncoding = 4; lastKnownFileType = sourcecode.swift; path = JSONDataConverterService.swift; sourceTree = "<group>"; };
		AE91314B261366FB00E72417 /* TemplateNetwork.swift */ = {isa = PBXFileReference; fileEncoding = 4; lastKnownFileType = sourcecode.swift; path = TemplateNetwork.swift; sourceTree = "<group>"; };
		AE91314C261366FB00E72417 /* TemplateProvider.swift */ = {isa = PBXFileReference; fileEncoding = 4; lastKnownFileType = sourcecode.swift; path = TemplateProvider.swift; sourceTree = "<group>"; };
		AE9131602613690900E72417 /* UserDetailsStore.swift */ = {isa = PBXFileReference; lastKnownFileType = sourcecode.swift; path = UserDetailsStore.swift; sourceTree = "<group>"; };
		AE9131652613704D00E72417 /* Log.swift */ = {isa = PBXFileReference; lastKnownFileType = sourcecode.swift; path = Log.swift; sourceTree = "<group>"; };
		AE9167CE2625A05E004C02D9 /* StoryboardInstantiatable.swift */ = {isa = PBXFileReference; lastKnownFileType = sourcecode.swift; path = StoryboardInstantiatable.swift; sourceTree = "<group>"; };
		AE9167D32625C33C004C02D9 /* ViewControllerRepresentable.swift */ = {isa = PBXFileReference; lastKnownFileType = sourcecode.swift; path = ViewControllerRepresentable.swift; sourceTree = "<group>"; };
		AE9167D82625C37A004C02D9 /* UIViewController+StoryboardInstantiatable.swift */ = {isa = PBXFileReference; lastKnownFileType = sourcecode.swift; path = "UIViewController+StoryboardInstantiatable.swift"; sourceTree = "<group>"; };
		AE9167DD2625C3A7004C02D9 /* UIViewController+ViewControllerRepresentable.swift */ = {isa = PBXFileReference; lastKnownFileType = sourcecode.swift; path = "UIViewController+ViewControllerRepresentable.swift"; sourceTree = "<group>"; };
		AE9167E32625C3E4004C02D9 /* UIStoryboard+Identifier.swift */ = {isa = PBXFileReference; lastKnownFileType = sourcecode.swift; path = "UIStoryboard+Identifier.swift"; sourceTree = "<group>"; };
		AE9167EB2625C406004C02D9 /* UIViewController+NibRepresentable.swift */ = {isa = PBXFileReference; lastKnownFileType = sourcecode.swift; path = "UIViewController+NibRepresentable.swift"; sourceTree = "<group>"; };
		AE9167F02625C46D004C02D9 /* NibRepresentable.swift */ = {isa = PBXFileReference; lastKnownFileType = sourcecode.swift; path = NibRepresentable.swift; sourceTree = "<group>"; };
		AE9167F52625C5D5004C02D9 /* Collection+SafeSubscript.swift */ = {isa = PBXFileReference; lastKnownFileType = sourcecode.swift; path = "Collection+SafeSubscript.swift"; sourceTree = "<group>"; };
		AEF4D18E260E2E18002D2F1F /* Localizable.strings */ = {isa = PBXFileReference; lastKnownFileType = text.plist.strings; path = Localizable.strings; sourceTree = "<group>"; };
		AEF4D196260E30CC002D2F1F /* String+Localized.swift */ = {isa = PBXFileReference; lastKnownFileType = sourcecode.swift; path = "String+Localized.swift"; sourceTree = "<group>"; };
		AEF4D19B260E30E1002D2F1F /* UIView+NibRepresentable.swift */ = {isa = PBXFileReference; lastKnownFileType = sourcecode.swift; path = "UIView+NibRepresentable.swift"; sourceTree = "<group>"; };
		AEF4D1A0260E3119002D2F1F /* UICollectionView+Cell.swift */ = {isa = PBXFileReference; lastKnownFileType = sourcecode.swift; path = "UICollectionView+Cell.swift"; sourceTree = "<group>"; };
		AEF4D1A5260E3150002D2F1F /* UITableView+Cell.swift */ = {isa = PBXFileReference; lastKnownFileType = sourcecode.swift; path = "UITableView+Cell.swift"; sourceTree = "<group>"; };
		BA933BBEEBA1A3EDDFCE36C7 /* libPods-Template_project_MVPTests.a */ = {isa = PBXFileReference; explicitFileType = archive.ar; includeInIndex = 0; path = "libPods-Template_project_MVPTests.a"; sourceTree = BUILT_PRODUCTS_DIR; };
		F617215C068832EF1D1B2119 /* Pods-Template_project_MVPUITests.debug.xcconfig */ = {isa = PBXFileReference; includeInIndex = 1; lastKnownFileType = text.xcconfig; name = "Pods-Template_project_MVPUITests.debug.xcconfig"; path = "Target Support Files/Pods-Template_project_MVPUITests/Pods-Template_project_MVPUITests.debug.xcconfig"; sourceTree = "<group>"; };
/* End PBXFileReference section */

/* Begin PBXFrameworksBuildPhase section */
		AE7AE251260105C7006230E9 /* Frameworks */ = {
			isa = PBXFrameworksBuildPhase;
			buildActionMask = 2147483647;
			files = (
				6F5A540C4BAB73145E191152 /* Pods_Template_project_MVP.framework in Frameworks */,
			);
			runOnlyForDeploymentPostprocessing = 0;
		};
		AE7AE267260105C9006230E9 /* Frameworks */ = {
			isa = PBXFrameworksBuildPhase;
			buildActionMask = 2147483647;
			files = (
				79754717C9EB9197ADC4D0CA /* libPods-Template_project_MVPTests.a in Frameworks */,
			);
			runOnlyForDeploymentPostprocessing = 0;
		};
		AE7AE272260105C9006230E9 /* Frameworks */ = {
			isa = PBXFrameworksBuildPhase;
			buildActionMask = 2147483647;
			files = (
				A6D75C499F74ED79E8E2964D /* libPods-Template_project_MVPUITests.a in Frameworks */,
			);
			runOnlyForDeploymentPostprocessing = 0;
		};
/* End PBXFrameworksBuildPhase section */

/* Begin PBXGroup section */
		4DE11E6F5BCAD2039BC33922 /* Frameworks */ = {
			isa = PBXGroup;
			children = (
				6CC8BE204F7BE6B6A08C2F9D /* Pods_Template_project_MVP.framework */,
				BA933BBEEBA1A3EDDFCE36C7 /* libPods-Template_project_MVPTests.a */,
				55BEBE90F085CA99552FB005 /* libPods-Template_project_MVPUITests.a */,
			);
			name = Frameworks;
			sourceTree = "<group>";
		};
		6B935875D9DE4C7271F0DB36 /* Pods */ = {
			isa = PBXGroup;
			children = (
				A7A9A0E67D743CC2742A3814 /* Pods-Template_project_MVP.debug.xcconfig */,
				8AD44B84595BB7278670AA83 /* Pods-Template_project_MVP.release.xcconfig */,
				56B4EDC0F31877935F8789CF /* Pods-Template_project_MVPTests.debug.xcconfig */,
				81D7DD4F95B03226E29ADDA5 /* Pods-Template_project_MVPTests.release.xcconfig */,
				F617215C068832EF1D1B2119 /* Pods-Template_project_MVPUITests.debug.xcconfig */,
				7C82C2F63281DB087D3B7265 /* Pods-Template_project_MVPUITests.release.xcconfig */,
			);
			path = Pods;
			sourceTree = "<group>";
		};
		A4E471F52669954700BFF45A /* Configs */ = {
			isa = PBXGroup;
			children = (
				A4E471F62669954700BFF45A /* Debug.xcconfig */,
				A4E471F72669954700BFF45A /* Release.xcconfig */,
			);
			path = Configs;
			sourceTree = "<group>";
		};
		AE7AE24B260105C7006230E9 = {
			isa = PBXGroup;
			children = (
				AE81613426050874000D3366 /* Template_project_MVP */,
				AE7AE26D260105C9006230E9 /* Template_project. MVPTests */,
				AE7AE278260105C9006230E9 /* Template_project. MVPUITests */,
				AE7AE255260105C7006230E9 /* Products */,
				6B935875D9DE4C7271F0DB36 /* Pods */,
				4DE11E6F5BCAD2039BC33922 /* Frameworks */,
			);
			sourceTree = "<group>";
		};
		AE7AE255260105C7006230E9 /* Products */ = {
			isa = PBXGroup;
			children = (
				AE7AE254260105C7006230E9 /* Template_project_MVP.app */,
				AE7AE26A260105C9006230E9 /* Template_project_MVPTests.xctest */,
				AE7AE275260105C9006230E9 /* Template_project_MVPUITests.xctest */,
			);
			name = Products;
			sourceTree = "<group>";
		};
		AE7AE26D260105C9006230E9 /* Template_project. MVPTests */ = {
			isa = PBXGroup;
			children = (
				AE7AE26E260105C9006230E9 /* Template_project__MVPTests.swift */,
				AE7AE270260105C9006230E9 /* Info.plist */,
			);
			path = "Template_project. MVPTests";
			sourceTree = "<group>";
		};
		AE7AE278260105C9006230E9 /* Template_project. MVPUITests */ = {
			isa = PBXGroup;
			children = (
				AE7AE279260105C9006230E9 /* Template_project__MVPUITests.swift */,
				AE7AE27B260105C9006230E9 /* Info.plist */,
			);
			path = "Template_project. MVPUITests";
			sourceTree = "<group>";
		};
		AE81613426050874000D3366 /* Template_project_MVP */ = {
			isa = PBXGroup;
			children = (
				AE81613626050874000D3366 /* Database */,
				AE81613926050874000D3366 /* Networking */,
				AE81613A26050874000D3366 /* Common */,
				AE81614426050874000D3366 /* Application */,
				AE81615126050874000D3366 /* Assets */,
				A4E471F52669954700BFF45A /* Configs */,
			);
			path = Template_project_MVP;
			sourceTree = SOURCE_ROOT;
		};
		AE81613626050874000D3366 /* Database */ = {
			isa = PBXGroup;
			children = (
				AE81613726050874000D3366 /* DatabaseService.swift */,
				AE81613826050874000D3366 /* Entities */,
			);
			path = Database;
			sourceTree = "<group>";
		};
		AE81613826050874000D3366 /* Entities */ = {
			isa = PBXGroup;
			children = (
			);
			path = Entities;
			sourceTree = "<group>";
		};
		AE81613926050874000D3366 /* Networking */ = {
			isa = PBXGroup;
			children = (
				AE913143261366FB00E72417 /* AuthNetwork */,
				AE913146261366FB00E72417 /* Handlers */,
				AE91314A261366FB00E72417 /* TemplateNetwork */,
				AE91313B2613669800E72417 /* EnvironmentInterceptor.swift */,
				AE91313A2613669800E72417 /* ReachabilityManager.swift */,
				AE91313C2613669800E72417 /* Template_project.swift */,
			);
			path = Networking;
			sourceTree = "<group>";
		};
		AE81613A26050874000D3366 /* Common */ = {
			isa = PBXGroup;
			children = (
				AE81614126050874000D3366 /* Info.plist */,
				AE81613E26050874000D3366 /* AppDelegate.swift */,
				AE81614326050874000D3366 /* SceneDelegate.swift */,
				A4E471FA2669958700BFF45A /* Environment.swift */,
				AE81613B26050874000D3366 /* Constants */,
				AE81613C26050874000D3366 /* Enums */,
				AE81613D26050874000D3366 /* Extetnsions */,
				AE81613F26050874000D3366 /* Protocols */,
				AE81614026050874000D3366 /* Helpers */,
				AE81614226050874000D3366 /* Services */,
				AEF4D18E260E2E18002D2F1F /* Localizable.strings */,
			);
			path = Common;
			sourceTree = "<group>";
		};
		AE81613B26050874000D3366 /* Constants */ = {
			isa = PBXGroup;
			children = (
				AE90EFF6261759B700175433 /* Constants.swift */,
			);
			path = Constants;
			sourceTree = "<group>";
		};
		AE81613C26050874000D3366 /* Enums */ = {
			isa = PBXGroup;
			children = (
			);
			path = Enums;
			sourceTree = "<group>";
		};
		AE81613D26050874000D3366 /* Extetnsions */ = {
			isa = PBXGroup;
			children = (
				AE9167E22625C3BD004C02D9 /* UIViewController */,
				AEF4D196260E30CC002D2F1F /* String+Localized.swift */,
				AEF4D19B260E30E1002D2F1F /* UIView+NibRepresentable.swift */,
				AEF4D1A0260E3119002D2F1F /* UICollectionView+Cell.swift */,
				AEF4D1A5260E3150002D2F1F /* UITableView+Cell.swift */,
				AE90EFF12617596700175433 /* UserDefaults.swift */,
				AE9167E32625C3E4004C02D9 /* UIStoryboard+Identifier.swift */,
				AE9167F52625C5D5004C02D9 /* Collection+SafeSubscript.swift */,
			);
			path = Extetnsions;
			sourceTree = "<group>";
		};
		AE81613F26050874000D3366 /* Protocols */ = {
			isa = PBXGroup;
			children = (
				AE9167CE2625A05E004C02D9 /* StoryboardInstantiatable.swift */,
				AE9167D32625C33C004C02D9 /* ViewControllerRepresentable.swift */,
				AE9167F02625C46D004C02D9 /* NibRepresentable.swift */,
			);
			path = Protocols;
			sourceTree = "<group>";
		};
		AE81614026050874000D3366 /* Helpers */ = {
			isa = PBXGroup;
			children = (
			);
			path = Helpers;
			sourceTree = "<group>";
		};
		AE81614226050874000D3366 /* Services */ = {
			isa = PBXGroup;
			children = (
				AE9131602613690900E72417 /* UserDetailsStore.swift */,
				AE9131652613704D00E72417 /* Log.swift */,
			);
			path = Services;
			sourceTree = "<group>";
		};
		AE81614426050874000D3366 /* Application */ = {
			isa = PBXGroup;
			children = (
				AE81614526050874000D3366 /* LaunchScreen.storyboard */,
				AE81614726050874000D3366 /* Main.storyboard */,
				AE81614926050874000D3366 /* Views */,
				AE81614B26050874000D3366 /* Flows */,
			);
			path = Application;
			sourceTree = "<group>";
		};
		AE81614926050874000D3366 /* Views */ = {
			isa = PBXGroup;
			children = (
				AE81614A26050874000D3366 /* Cells */,
			);
			path = Views;
			sourceTree = "<group>";
		};
		AE81614A26050874000D3366 /* Cells */ = {
			isa = PBXGroup;
			children = (
			);
			path = Cells;
			sourceTree = "<group>";
		};
		AE81614B26050874000D3366 /* Flows */ = {
			isa = PBXGroup;
			children = (
				AE81614C26050874000D3366 /* TemplateFlow */,
				AE81615026050874000D3366 /* MainNavigationController.swift */,
			);
			path = Flows;
			sourceTree = "<group>";
		};
		AE81614C26050874000D3366 /* TemplateFlow */ = {
			isa = PBXGroup;
			children = (
				AE81614D26050874000D3366 /* TemplateViewController.swift */,
				AE81614E26050874000D3366 /* TemplateViewPresenter.swift */,
				AE81614F26050874000D3366 /* TemplateViewController.storyboard */,
			);
			path = TemplateFlow;
			sourceTree = "<group>";
		};
		AE81615126050874000D3366 /* Assets */ = {
			isa = PBXGroup;
			children = (
				AE81615226050874000D3366 /* Assets.xcassets */,
			);
			path = Assets;
			sourceTree = "<group>";
		};
		AE913143261366FB00E72417 /* AuthNetwork */ = {
			isa = PBXGroup;
			children = (
				AE913144261366FB00E72417 /* AuthProvider.swift */,
				AE913145261366FB00E72417 /* AuthNetwork.swift */,
			);
			path = AuthNetwork;
			sourceTree = "<group>";
		};
		AE913146261366FB00E72417 /* Handlers */ = {
			isa = PBXGroup;
			children = (
				AE913147261366FB00E72417 /* UABuilder.swift */,
				AE913148261366FB00E72417 /* Netowrkable.swift */,
				AE913149261366FB00E72417 /* JSONDataConverterService.swift */,
			);
			path = Handlers;
			sourceTree = "<group>";
		};
		AE91314A261366FB00E72417 /* TemplateNetwork */ = {
			isa = PBXGroup;
			children = (
				AE91314B261366FB00E72417 /* TemplateNetwork.swift */,
				AE91314C261366FB00E72417 /* TemplateProvider.swift */,
			);
			path = TemplateNetwork;
			sourceTree = "<group>";
		};
		AE9167E22625C3BD004C02D9 /* UIViewController */ = {
			isa = PBXGroup;
			children = (
				AE9167D82625C37A004C02D9 /* UIViewController+StoryboardInstantiatable.swift */,
				AE9167DD2625C3A7004C02D9 /* UIViewController+ViewControllerRepresentable.swift */,
				AE9167EB2625C406004C02D9 /* UIViewController+NibRepresentable.swift */,
			);
			path = UIViewController;
			sourceTree = "<group>";
		};
/* End PBXGroup section */

/* Begin PBXNativeTarget section */
		AE7AE253260105C7006230E9 /* Template_project_MVP */ = {
			isa = PBXNativeTarget;
			buildConfigurationList = AE7AE27E260105C9006230E9 /* Build configuration list for PBXNativeTarget "Template_project_MVP" */;
			buildPhases = (
				C07B4F78FFCAC14511D3F091 /* [CP] Check Pods Manifest.lock */,
				AE7AE250260105C7006230E9 /* Sources */,
				AE7AE251260105C7006230E9 /* Frameworks */,
				AE7AE252260105C7006230E9 /* Resources */,
				AE8160D02605006E000D3366 /* ShellScript */,
				37DDC3BAA3FBE02228E2CCAB /* [CP] Embed Pods Frameworks */,
			);
			buildRules = (
			);
			dependencies = (
			);
			name = Template_project_MVP;
			productName = "Template_project. MVP";
			productReference = AE7AE254260105C7006230E9 /* Template_project_MVP.app */;
			productType = "com.apple.product-type.application";
		};
		AE7AE269260105C9006230E9 /* Template_project_MVPTests */ = {
			isa = PBXNativeTarget;
			buildConfigurationList = AE7AE281260105C9006230E9 /* Build configuration list for PBXNativeTarget "Template_project_MVPTests" */;
			buildPhases = (
				1109ADD5E3037813AA97A6DF /* [CP] Check Pods Manifest.lock */,
				AE7AE266260105C9006230E9 /* Sources */,
				AE7AE267260105C9006230E9 /* Frameworks */,
				AE7AE268260105C9006230E9 /* Resources */,
			);
			buildRules = (
			);
			dependencies = (
				AE7AE26C260105C9006230E9 /* PBXTargetDependency */,
			);
			name = Template_project_MVPTests;
			productName = "Template_project. MVPTests";
			productReference = AE7AE26A260105C9006230E9 /* Template_project_MVPTests.xctest */;
			productType = "com.apple.product-type.bundle.unit-test";
		};
		AE7AE274260105C9006230E9 /* Template_project_MVPUITests */ = {
			isa = PBXNativeTarget;
			buildConfigurationList = AE7AE284260105C9006230E9 /* Build configuration list for PBXNativeTarget "Template_project_MVPUITests" */;
			buildPhases = (
				B2C02B4B2D538005B523F432 /* [CP] Check Pods Manifest.lock */,
				AE7AE271260105C9006230E9 /* Sources */,
				AE7AE272260105C9006230E9 /* Frameworks */,
				AE7AE273260105C9006230E9 /* Resources */,
			);
			buildRules = (
			);
			dependencies = (
				AE7AE277260105C9006230E9 /* PBXTargetDependency */,
			);
			name = Template_project_MVPUITests;
			productName = "Template_project. MVPUITests";
			productReference = AE7AE275260105C9006230E9 /* Template_project_MVPUITests.xctest */;
			productType = "com.apple.product-type.bundle.ui-testing";
		};
/* End PBXNativeTarget section */

/* Begin PBXProject section */
		AE7AE24C260105C7006230E9 /* Project object */ = {
			isa = PBXProject;
			attributes = {
				LastSwiftUpdateCheck = 1240;
				LastUpgradeCheck = 1240;
				TargetAttributes = {
					AE7AE253260105C7006230E9 = {
						CreatedOnToolsVersion = 12.4;
					};
					AE7AE269260105C9006230E9 = {
						CreatedOnToolsVersion = 12.4;
						TestTargetID = AE7AE253260105C7006230E9;
					};
					AE7AE274260105C9006230E9 = {
						CreatedOnToolsVersion = 12.4;
						TestTargetID = AE7AE253260105C7006230E9;
					};
				};
			};
			buildConfigurationList = AE7AE24F260105C7006230E9 /* Build configuration list for PBXProject "Template_project_MVP" */;
			compatibilityVersion = "Xcode 9.3";
			developmentRegion = en;
			hasScannedForEncodings = 0;
			knownRegions = (
				en,
				Base,
			);
			mainGroup = AE7AE24B260105C7006230E9;
			productRefGroup = AE7AE255260105C7006230E9 /* Products */;
			projectDirPath = "";
			projectRoot = "";
			targets = (
				AE7AE253260105C7006230E9 /* Template_project_MVP */,
				AE7AE269260105C9006230E9 /* Template_project_MVPTests */,
				AE7AE274260105C9006230E9 /* Template_project_MVPUITests */,
			);
		};
/* End PBXProject section */

/* Begin PBXResourcesBuildPhase section */
		AE7AE252260105C7006230E9 /* Resources */ = {
			isa = PBXResourcesBuildPhase;
			buildActionMask = 2147483647;
			files = (
				AEF4D18F260E2E18002D2F1F /* Localizable.strings in Resources */,
				AE81615926050874000D3366 /* Main.storyboard in Resources */,
				A4E471F82669954700BFF45A /* Debug.xcconfig in Resources */,
				AE81615C26050874000D3366 /* TemplateViewController.storyboard in Resources */,
				AE81615826050874000D3366 /* LaunchScreen.storyboard in Resources */,
				A4E471F92669954700BFF45A /* Release.xcconfig in Resources */,
				AE81615E26050874000D3366 /* Assets.xcassets in Resources */,
			);
			runOnlyForDeploymentPostprocessing = 0;
		};
		AE7AE268260105C9006230E9 /* Resources */ = {
			isa = PBXResourcesBuildPhase;
			buildActionMask = 2147483647;
			files = (
			);
			runOnlyForDeploymentPostprocessing = 0;
		};
		AE7AE273260105C9006230E9 /* Resources */ = {
			isa = PBXResourcesBuildPhase;
			buildActionMask = 2147483647;
			files = (
			);
			runOnlyForDeploymentPostprocessing = 0;
		};
/* End PBXResourcesBuildPhase section */

/* Begin PBXShellScriptBuildPhase section */
		1109ADD5E3037813AA97A6DF /* [CP] Check Pods Manifest.lock */ = {
			isa = PBXShellScriptBuildPhase;
			buildActionMask = 2147483647;
			files = (
			);
			inputFileListPaths = (
			);
			inputPaths = (
				"${PODS_PODFILE_DIR_PATH}/Podfile.lock",
				"${PODS_ROOT}/Manifest.lock",
			);
			name = "[CP] Check Pods Manifest.lock";
			outputFileListPaths = (
			);
			outputPaths = (
				"$(DERIVED_FILE_DIR)/Pods-Template_project_MVPTests-checkManifestLockResult.txt",
			);
			runOnlyForDeploymentPostprocessing = 0;
			shellPath = /bin/sh;
			shellScript = "diff \"${PODS_PODFILE_DIR_PATH}/Podfile.lock\" \"${PODS_ROOT}/Manifest.lock\" > /dev/null\nif [ $? != 0 ] ; then\n    # print error to STDERR\n    echo \"error: The sandbox is not in sync with the Podfile.lock. Run 'pod install' or update your CocoaPods installation.\" >&2\n    exit 1\nfi\n# This output is used by Xcode 'outputs' to avoid re-running this script phase.\necho \"SUCCESS\" > \"${SCRIPT_OUTPUT_FILE_0}\"\n";
			showEnvVarsInLog = 0;
		};
		37DDC3BAA3FBE02228E2CCAB /* [CP] Embed Pods Frameworks */ = {
			isa = PBXShellScriptBuildPhase;
			buildActionMask = 2147483647;
			files = (
			);
			inputFileListPaths = (
				"${PODS_ROOT}/Target Support Files/Pods-Template_project_MVP/Pods-Template_project_MVP-frameworks-${CONFIGURATION}-input-files.xcfilelist",
			);
			name = "[CP] Embed Pods Frameworks";
			outputFileListPaths = (
				"${PODS_ROOT}/Target Support Files/Pods-Template_project_MVP/Pods-Template_project_MVP-frameworks-${CONFIGURATION}-output-files.xcfilelist",
			);
			runOnlyForDeploymentPostprocessing = 0;
			shellPath = /bin/sh;
			shellScript = "\"${PODS_ROOT}/Target Support Files/Pods-Template_project_MVP/Pods-Template_project_MVP-frameworks.sh\"\n";
			showEnvVarsInLog = 0;
		};
		AE8160D02605006E000D3366 /* ShellScript */ = {
			isa = PBXShellScriptBuildPhase;
			buildActionMask = 2147483647;
			files = (
			);
			inputFileListPaths = (
			);
			inputPaths = (
			);
			outputFileListPaths = (
			);
			outputPaths = (
			);
			runOnlyForDeploymentPostprocessing = 0;
			shellPath = /bin/sh;
			shellScript = "${PODS_ROOT}/SwiftLint/swiftlint\n";
		};
		B2C02B4B2D538005B523F432 /* [CP] Check Pods Manifest.lock */ = {
			isa = PBXShellScriptBuildPhase;
			buildActionMask = 2147483647;
			files = (
			);
			inputFileListPaths = (
			);
			inputPaths = (
				"${PODS_PODFILE_DIR_PATH}/Podfile.lock",
				"${PODS_ROOT}/Manifest.lock",
			);
			name = "[CP] Check Pods Manifest.lock";
			outputFileListPaths = (
			);
			outputPaths = (
				"$(DERIVED_FILE_DIR)/Pods-Template_project_MVPUITests-checkManifestLockResult.txt",
			);
			runOnlyForDeploymentPostprocessing = 0;
			shellPath = /bin/sh;
			shellScript = "diff \"${PODS_PODFILE_DIR_PATH}/Podfile.lock\" \"${PODS_ROOT}/Manifest.lock\" > /dev/null\nif [ $? != 0 ] ; then\n    # print error to STDERR\n    echo \"error: The sandbox is not in sync with the Podfile.lock. Run 'pod install' or update your CocoaPods installation.\" >&2\n    exit 1\nfi\n# This output is used by Xcode 'outputs' to avoid re-running this script phase.\necho \"SUCCESS\" > \"${SCRIPT_OUTPUT_FILE_0}\"\n";
			showEnvVarsInLog = 0;
		};
		C07B4F78FFCAC14511D3F091 /* [CP] Check Pods Manifest.lock */ = {
			isa = PBXShellScriptBuildPhase;
			buildActionMask = 2147483647;
			files = (
			);
			inputFileListPaths = (
			);
			inputPaths = (
				"${PODS_PODFILE_DIR_PATH}/Podfile.lock",
				"${PODS_ROOT}/Manifest.lock",
			);
			name = "[CP] Check Pods Manifest.lock";
			outputFileListPaths = (
			);
			outputPaths = (
				"$(DERIVED_FILE_DIR)/Pods-Template_project_MVP-checkManifestLockResult.txt",
			);
			runOnlyForDeploymentPostprocessing = 0;
			shellPath = /bin/sh;
			shellScript = "diff \"${PODS_PODFILE_DIR_PATH}/Podfile.lock\" \"${PODS_ROOT}/Manifest.lock\" > /dev/null\nif [ $? != 0 ] ; then\n    # print error to STDERR\n    echo \"error: The sandbox is not in sync with the Podfile.lock. Run 'pod install' or update your CocoaPods installation.\" >&2\n    exit 1\nfi\n# This output is used by Xcode 'outputs' to avoid re-running this script phase.\necho \"SUCCESS\" > \"${SCRIPT_OUTPUT_FILE_0}\"\n";
			showEnvVarsInLog = 0;
		};
/* End PBXShellScriptBuildPhase section */

/* Begin PBXSourcesBuildPhase section */
		AE7AE250260105C7006230E9 /* Sources */ = {
			isa = PBXSourcesBuildPhase;
			buildActionMask = 2147483647;
			files = (
				AE90EFF7261759B700175433 /* Constants.swift in Sources */,
				AE81615526050874000D3366 /* AppDelegate.swift in Sources */,
				AE9131662613704D00E72417 /* Log.swift in Sources */,
				AEF4D19C260E30E1002D2F1F /* UIView+NibRepresentable.swift in Sources */,
				AE9167DE2625C3A7004C02D9 /* UIViewController+ViewControllerRepresentable.swift in Sources */,
				AE81615B26050874000D3366 /* TemplateViewPresenter.swift in Sources */,
				AE9131612613690900E72417 /* UserDetailsStore.swift in Sources */,
				A4E471FB2669958700BFF45A /* Environment.swift in Sources */,
				AEF4D1A6260E3150002D2F1F /* UITableView+Cell.swift in Sources */,
				AE91313E2613669800E72417 /* EnvironmentInterceptor.swift in Sources */,
				AE9167F12625C46D004C02D9 /* NibRepresentable.swift in Sources */,
				AE91314F261366FB00E72417 /* UABuilder.swift in Sources */,
				AE91313D2613669800E72417 /* ReachabilityManager.swift in Sources */,
				AEF4D197260E30CC002D2F1F /* String+Localized.swift in Sources */,
				AE913150261366FB00E72417 /* Netowrkable.swift in Sources */,
				AE9167F62625C5D5004C02D9 /* Collection+SafeSubscript.swift in Sources */,
				AE81615A26050874000D3366 /* TemplateViewController.swift in Sources */,
				AE91314E261366FB00E72417 /* AuthNetwork.swift in Sources */,
				AE81615726050874000D3366 /* SceneDelegate.swift in Sources */,
				AE91313F2613669800E72417 /* Template_project.swift in Sources */,
				AEF4D1A1260E3119002D2F1F /* UICollectionView+Cell.swift in Sources */,
				AE9167D92625C37A004C02D9 /* UIViewController+StoryboardInstantiatable.swift in Sources */,
				AE9167D42625C33C004C02D9 /* ViewControllerRepresentable.swift in Sources */,
				AE913151261366FB00E72417 /* JSONDataConverterService.swift in Sources */,
				AE9167E42625C3E4004C02D9 /* UIStoryboard+Identifier.swift in Sources */,
				AE913152261366FB00E72417 /* TemplateNetwork.swift in Sources */,
				AE9167CF2625A05E004C02D9 /* StoryboardInstantiatable.swift in Sources */,
				AE91314D261366FB00E72417 /* AuthProvider.swift in Sources */,
				AE90EFF22617596700175433 /* UserDefaults.swift in Sources */,
				AE913153261366FB00E72417 /* TemplateProvider.swift in Sources */,
				AE9167EC2625C406004C02D9 /* UIViewController+NibRepresentable.swift in Sources */,
				AE81615426050874000D3366 /* DatabaseService.swift in Sources */,
				AE81615D26050874000D3366 /* MainNavigationController.swift in Sources */,
			);
			runOnlyForDeploymentPostprocessing = 0;
		};
		AE7AE266260105C9006230E9 /* Sources */ = {
			isa = PBXSourcesBuildPhase;
			buildActionMask = 2147483647;
			files = (
				AE7AE26F260105C9006230E9 /* Template_project__MVPTests.swift in Sources */,
			);
			runOnlyForDeploymentPostprocessing = 0;
		};
		AE7AE271260105C9006230E9 /* Sources */ = {
			isa = PBXSourcesBuildPhase;
			buildActionMask = 2147483647;
			files = (
				AE7AE27A260105C9006230E9 /* Template_project__MVPUITests.swift in Sources */,
			);
			runOnlyForDeploymentPostprocessing = 0;
		};
/* End PBXSourcesBuildPhase section */

/* Begin PBXTargetDependency section */
		AE7AE26C260105C9006230E9 /* PBXTargetDependency */ = {
			isa = PBXTargetDependency;
			target = AE7AE253260105C7006230E9 /* Template_project_MVP */;
			targetProxy = AE7AE26B260105C9006230E9 /* PBXContainerItemProxy */;
		};
		AE7AE277260105C9006230E9 /* PBXTargetDependency */ = {
			isa = PBXTargetDependency;
			target = AE7AE253260105C7006230E9 /* Template_project_MVP */;
			targetProxy = AE7AE276260105C9006230E9 /* PBXContainerItemProxy */;
		};
/* End PBXTargetDependency section */

/* Begin PBXVariantGroup section */
		AE81614526050874000D3366 /* LaunchScreen.storyboard */ = {
			isa = PBXVariantGroup;
			children = (
				AE81614626050874000D3366 /* Base */,
			);
			name = LaunchScreen.storyboard;
			sourceTree = "<group>";
		};
		AE81614726050874000D3366 /* Main.storyboard */ = {
			isa = PBXVariantGroup;
			children = (
				AE81614826050874000D3366 /* Base */,
			);
			name = Main.storyboard;
			sourceTree = "<group>";
		};
/* End PBXVariantGroup section */

/* Begin XCBuildConfiguration section */
		AE7AE27C260105C9006230E9 /* Debug */ = {
			isa = XCBuildConfiguration;
			baseConfigurationReference = A4E471F62669954700BFF45A /* Debug.xcconfig */;
			buildSettings = {
				ALWAYS_SEARCH_USER_PATHS = NO;
				CLANG_ANALYZER_NONNULL = YES;
				CLANG_ANALYZER_NUMBER_OBJECT_CONVERSION = YES_AGGRESSIVE;
				CLANG_CXX_LANGUAGE_STANDARD = "gnu++14";
				CLANG_CXX_LIBRARY = "libc++";
				CLANG_ENABLE_MODULES = YES;
				CLANG_ENABLE_OBJC_ARC = YES;
				CLANG_ENABLE_OBJC_WEAK = YES;
				CLANG_WARN_BLOCK_CAPTURE_AUTORELEASING = YES;
				CLANG_WARN_BOOL_CONVERSION = YES;
				CLANG_WARN_COMMA = YES;
				CLANG_WARN_CONSTANT_CONVERSION = YES;
				CLANG_WARN_DEPRECATED_OBJC_IMPLEMENTATIONS = YES;
				CLANG_WARN_DIRECT_OBJC_ISA_USAGE = YES_ERROR;
				CLANG_WARN_DOCUMENTATION_COMMENTS = YES;
				CLANG_WARN_EMPTY_BODY = YES;
				CLANG_WARN_ENUM_CONVERSION = YES;
				CLANG_WARN_INFINITE_RECURSION = YES;
				CLANG_WARN_INT_CONVERSION = YES;
				CLANG_WARN_NON_LITERAL_NULL_CONVERSION = YES;
				CLANG_WARN_OBJC_IMPLICIT_RETAIN_SELF = YES;
				CLANG_WARN_OBJC_LITERAL_CONVERSION = YES;
				CLANG_WARN_OBJC_ROOT_CLASS = YES_ERROR;
				CLANG_WARN_QUOTED_INCLUDE_IN_FRAMEWORK_HEADER = YES;
				CLANG_WARN_RANGE_LOOP_ANALYSIS = YES;
				CLANG_WARN_STRICT_PROTOTYPES = YES;
				CLANG_WARN_SUSPICIOUS_MOVE = YES;
				CLANG_WARN_UNGUARDED_AVAILABILITY = YES_AGGRESSIVE;
				CLANG_WARN_UNREACHABLE_CODE = YES;
				CLANG_WARN__DUPLICATE_METHOD_MATCH = YES;
				COPY_PHASE_STRIP = NO;
				DEBUG_INFORMATION_FORMAT = dwarf;
				ENABLE_STRICT_OBJC_MSGSEND = YES;
				ENABLE_TESTABILITY = YES;
				GCC_C_LANGUAGE_STANDARD = gnu11;
				GCC_DYNAMIC_NO_PIC = NO;
				GCC_NO_COMMON_BLOCKS = YES;
				GCC_OPTIMIZATION_LEVEL = 0;
				GCC_PREPROCESSOR_DEFINITIONS = (
					"DEBUG=1",
					"$(inherited)",
				);
				GCC_WARN_64_TO_32_BIT_CONVERSION = YES;
				GCC_WARN_ABOUT_RETURN_TYPE = YES_ERROR;
				GCC_WARN_UNDECLARED_SELECTOR = YES;
				GCC_WARN_UNINITIALIZED_AUTOS = YES_AGGRESSIVE;
				GCC_WARN_UNUSED_FUNCTION = YES;
				GCC_WARN_UNUSED_VARIABLE = YES;
				IPHONEOS_DEPLOYMENT_TARGET = 14.4;
				MTL_ENABLE_DEBUG_INFO = INCLUDE_SOURCE;
				MTL_FAST_MATH = YES;
				ONLY_ACTIVE_ARCH = YES;
				SDKROOT = iphoneos;
				SWIFT_ACTIVE_COMPILATION_CONDITIONS = DEBUG;
				SWIFT_OPTIMIZATION_LEVEL = "-Onone";
			};
			name = Debug;
		};
		AE7AE27D260105C9006230E9 /* Release */ = {
			isa = XCBuildConfiguration;
			baseConfigurationReference = A4E471F72669954700BFF45A /* Release.xcconfig */;
			buildSettings = {
				ALWAYS_SEARCH_USER_PATHS = NO;
				CLANG_ANALYZER_NONNULL = YES;
				CLANG_ANALYZER_NUMBER_OBJECT_CONVERSION = YES_AGGRESSIVE;
				CLANG_CXX_LANGUAGE_STANDARD = "gnu++14";
				CLANG_CXX_LIBRARY = "libc++";
				CLANG_ENABLE_MODULES = YES;
				CLANG_ENABLE_OBJC_ARC = YES;
				CLANG_ENABLE_OBJC_WEAK = YES;
				CLANG_WARN_BLOCK_CAPTURE_AUTORELEASING = YES;
				CLANG_WARN_BOOL_CONVERSION = YES;
				CLANG_WARN_COMMA = YES;
				CLANG_WARN_CONSTANT_CONVERSION = YES;
				CLANG_WARN_DEPRECATED_OBJC_IMPLEMENTATIONS = YES;
				CLANG_WARN_DIRECT_OBJC_ISA_USAGE = YES_ERROR;
				CLANG_WARN_DOCUMENTATION_COMMENTS = YES;
				CLANG_WARN_EMPTY_BODY = YES;
				CLANG_WARN_ENUM_CONVERSION = YES;
				CLANG_WARN_INFINITE_RECURSION = YES;
				CLANG_WARN_INT_CONVERSION = YES;
				CLANG_WARN_NON_LITERAL_NULL_CONVERSION = YES;
				CLANG_WARN_OBJC_IMPLICIT_RETAIN_SELF = YES;
				CLANG_WARN_OBJC_LITERAL_CONVERSION = YES;
				CLANG_WARN_OBJC_ROOT_CLASS = YES_ERROR;
				CLANG_WARN_QUOTED_INCLUDE_IN_FRAMEWORK_HEADER = YES;
				CLANG_WARN_RANGE_LOOP_ANALYSIS = YES;
				CLANG_WARN_STRICT_PROTOTYPES = YES;
				CLANG_WARN_SUSPICIOUS_MOVE = YES;
				CLANG_WARN_UNGUARDED_AVAILABILITY = YES_AGGRESSIVE;
				CLANG_WARN_UNREACHABLE_CODE = YES;
				CLANG_WARN__DUPLICATE_METHOD_MATCH = YES;
				COPY_PHASE_STRIP = NO;
				DEBUG_INFORMATION_FORMAT = "dwarf-with-dsym";
				ENABLE_NS_ASSERTIONS = NO;
				ENABLE_STRICT_OBJC_MSGSEND = YES;
				GCC_C_LANGUAGE_STANDARD = gnu11;
				GCC_NO_COMMON_BLOCKS = YES;
				GCC_WARN_64_TO_32_BIT_CONVERSION = YES;
				GCC_WARN_ABOUT_RETURN_TYPE = YES_ERROR;
				GCC_WARN_UNDECLARED_SELECTOR = YES;
				GCC_WARN_UNINITIALIZED_AUTOS = YES_AGGRESSIVE;
				GCC_WARN_UNUSED_FUNCTION = YES;
				GCC_WARN_UNUSED_VARIABLE = YES;
				IPHONEOS_DEPLOYMENT_TARGET = 14.4;
				MTL_ENABLE_DEBUG_INFO = NO;
				MTL_FAST_MATH = YES;
				SDKROOT = iphoneos;
				SWIFT_COMPILATION_MODE = wholemodule;
				SWIFT_OPTIMIZATION_LEVEL = "-O";
				VALIDATE_PRODUCT = YES;
			};
			name = Release;
		};
		AE7AE27F260105C9006230E9 /* Debug */ = {
			isa = XCBuildConfiguration;
			baseConfigurationReference = A7A9A0E67D743CC2742A3814 /* Pods-Template_project_MVP.debug.xcconfig */;
			buildSettings = {
				ASSETCATALOG_COMPILER_APPICON_NAME = AppIcon;
				ASSETCATALOG_COMPILER_GLOBAL_ACCENT_COLOR_NAME = AccentColor;
				CODE_SIGN_STYLE = Automatic;
				DEVELOPMENT_TEAM = D58X7SRYHQ;
				INFOPLIST_FILE = Template_project_MVP/Common/Info.plist;
				LD_RUNPATH_SEARCH_PATHS = (
					"$(inherited)",
					"@executable_path/Frameworks",
				);
				PRODUCT_BUNDLE_IDENTIFIER = "com.israelIT.Template-project--MVP";
				PRODUCT_NAME = "$(TARGET_NAME)";
				SWIFT_VERSION = 5.0;
				TARGETED_DEVICE_FAMILY = "1,2";
			};
			name = Debug;
		};
		AE7AE280260105C9006230E9 /* Release */ = {
			isa = XCBuildConfiguration;
			baseConfigurationReference = 8AD44B84595BB7278670AA83 /* Pods-Template_project_MVP.release.xcconfig */;
			buildSettings = {
				ASSETCATALOG_COMPILER_APPICON_NAME = AppIcon;
				ASSETCATALOG_COMPILER_GLOBAL_ACCENT_COLOR_NAME = AccentColor;
				CODE_SIGN_STYLE = Automatic;
				DEVELOPMENT_TEAM = D58X7SRYHQ;
				INFOPLIST_FILE = Template_project_MVP/Common/Info.plist;
				LD_RUNPATH_SEARCH_PATHS = (
					"$(inherited)",
					"@executable_path/Frameworks",
				);
				PRODUCT_BUNDLE_IDENTIFIER = "com.israelIT.Template-project--MVP";
				PRODUCT_NAME = "$(TARGET_NAME)";
				SWIFT_VERSION = 5.0;
				TARGETED_DEVICE_FAMILY = "1,2";
			};
			name = Release;
		};
		AE7AE282260105C9006230E9 /* Debug */ = {
			isa = XCBuildConfiguration;
			baseConfigurationReference = 56B4EDC0F31877935F8789CF /* Pods-Template_project_MVPTests.debug.xcconfig */;
			buildSettings = {
				ALWAYS_EMBED_SWIFT_STANDARD_LIBRARIES = YES;
				BUNDLE_LOADER = "$(TEST_HOST)";
				CODE_SIGN_STYLE = Automatic;
				DEVELOPMENT_TEAM = D58X7SRYHQ;
				INFOPLIST_FILE = "Template_project. MVPTests/Info.plist";
				IPHONEOS_DEPLOYMENT_TARGET = 14.4;
				LD_RUNPATH_SEARCH_PATHS = (
					"$(inherited)",
					"@executable_path/Frameworks",
					"@loader_path/Frameworks",
				);
				PRODUCT_BUNDLE_IDENTIFIER = "com.israelIT.Template-project--MVPTests";
				PRODUCT_NAME = "$(TARGET_NAME)";
				SWIFT_VERSION = 5.0;
				TARGETED_DEVICE_FAMILY = "1,2";
				TEST_HOST = "$(BUILT_PRODUCTS_DIR)/Template_project_MVP.app/Template_project_MVP";
			};
			name = Debug;
		};
		AE7AE283260105C9006230E9 /* Release */ = {
			isa = XCBuildConfiguration;
			baseConfigurationReference = 81D7DD4F95B03226E29ADDA5 /* Pods-Template_project_MVPTests.release.xcconfig */;
			buildSettings = {
				ALWAYS_EMBED_SWIFT_STANDARD_LIBRARIES = YES;
				BUNDLE_LOADER = "$(TEST_HOST)";
				CODE_SIGN_STYLE = Automatic;
				DEVELOPMENT_TEAM = D58X7SRYHQ;
				INFOPLIST_FILE = "Template_project. MVPTests/Info.plist";
				IPHONEOS_DEPLOYMENT_TARGET = 14.4;
				LD_RUNPATH_SEARCH_PATHS = (
					"$(inherited)",
					"@executable_path/Frameworks",
					"@loader_path/Frameworks",
				);
				PRODUCT_BUNDLE_IDENTIFIER = "com.israelIT.Template-project--MVPTests";
				PRODUCT_NAME = "$(TARGET_NAME)";
				SWIFT_VERSION = 5.0;
				TARGETED_DEVICE_FAMILY = "1,2";
				TEST_HOST = "$(BUILT_PRODUCTS_DIR)/Template_project_MVP.app/Template_project_MVP";
			};
			name = Release;
		};
		AE7AE285260105C9006230E9 /* Debug */ = {
			isa = XCBuildConfiguration;
			baseConfigurationReference = F617215C068832EF1D1B2119 /* Pods-Template_project_MVPUITests.debug.xcconfig */;
			buildSettings = {
				ALWAYS_EMBED_SWIFT_STANDARD_LIBRARIES = YES;
				CODE_SIGN_STYLE = Automatic;
				DEVELOPMENT_TEAM = D58X7SRYHQ;
				INFOPLIST_FILE = "Template_project. MVPUITests/Info.plist";
				LD_RUNPATH_SEARCH_PATHS = (
					"$(inherited)",
					"@executable_path/Frameworks",
					"@loader_path/Frameworks",
				);
				PRODUCT_BUNDLE_IDENTIFIER = "com.israelIT.Template-project--MVPUITests";
				PRODUCT_NAME = "$(TARGET_NAME)";
				SWIFT_VERSION = 5.0;
				TARGETED_DEVICE_FAMILY = "1,2";
				TEST_TARGET_NAME = "Template_project. MVP";
			};
			name = Debug;
		};
		AE7AE286260105C9006230E9 /* Release */ = {
			isa = XCBuildConfiguration;
			baseConfigurationReference = 7C82C2F63281DB087D3B7265 /* Pods-Template_project_MVPUITests.release.xcconfig */;
			buildSettings = {
				ALWAYS_EMBED_SWIFT_STANDARD_LIBRARIES = YES;
				CODE_SIGN_STYLE = Automatic;
				DEVELOPMENT_TEAM = D58X7SRYHQ;
				INFOPLIST_FILE = "Template_project. MVPUITests/Info.plist";
				LD_RUNPATH_SEARCH_PATHS = (
					"$(inherited)",
					"@executable_path/Frameworks",
					"@loader_path/Frameworks",
				);
				PRODUCT_BUNDLE_IDENTIFIER = "com.israelIT.Template-project--MVPUITests";
				PRODUCT_NAME = "$(TARGET_NAME)";
				SWIFT_VERSION = 5.0;
				TARGETED_DEVICE_FAMILY = "1,2";
				TEST_TARGET_NAME = "Template_project. MVP";
			};
			name = Release;
		};
/* End XCBuildConfiguration section */

/* Begin XCConfigurationList section */
		AE7AE24F260105C7006230E9 /* Build configuration list for PBXProject "Template_project_MVP" */ = {
			isa = XCConfigurationList;
			buildConfigurations = (
				AE7AE27C260105C9006230E9 /* Debug */,
				AE7AE27D260105C9006230E9 /* Release */,
			);
			defaultConfigurationIsVisible = 0;
			defaultConfigurationName = Release;
		};
		AE7AE27E260105C9006230E9 /* Build configuration list for PBXNativeTarget "Template_project_MVP" */ = {
			isa = XCConfigurationList;
			buildConfigurations = (
				AE7AE27F260105C9006230E9 /* Debug */,
				AE7AE280260105C9006230E9 /* Release */,
			);
			defaultConfigurationIsVisible = 0;
			defaultConfigurationName = Release;
		};
		AE7AE281260105C9006230E9 /* Build configuration list for PBXNativeTarget "Template_project_MVPTests" */ = {
			isa = XCConfigurationList;
			buildConfigurations = (
				AE7AE282260105C9006230E9 /* Debug */,
				AE7AE283260105C9006230E9 /* Release */,
			);
			defaultConfigurationIsVisible = 0;
			defaultConfigurationName = Release;
		};
		AE7AE284260105C9006230E9 /* Build configuration list for PBXNativeTarget "Template_project_MVPUITests" */ = {
			isa = XCConfigurationList;
			buildConfigurations = (
				AE7AE285260105C9006230E9 /* Debug */,
				AE7AE286260105C9006230E9 /* Release */,
			);
			defaultConfigurationIsVisible = 0;
			defaultConfigurationName = Release;
		};
/* End XCConfigurationList section */
	};
	rootObject = AE7AE24C260105C7006230E9 /* Project object */;
}
