PODS:
  - Alamofire (5.4.1)
  - Locksmith (4.0.0)
  - Moya (14.0.0):
    - Moya/Core (= 14.0.0)
  - Moya/Core (14.0.0):
    - Alamofire (~> 5.0)
  - PromiseKit (6.13.1):
    - PromiseKit/CorePromise (= 6.13.1)
    - PromiseKit/Foundation (= 6.13.1)
    - PromiseKit/UIKit (= 6.13.1)
  - PromiseKit/CorePromise (6.13.1)
  - PromiseKit/Foundation (6.13.1):
    - PromiseKit/CorePromise
  - PromiseKit/UIKit (6.13.1):
    - PromiseKit/CorePromise
  - Realm (10.7.2):
    - Realm/Headers (= 10.7.2)
  - Realm/Headers (10.7.2)
  - RealmSwift (10.7.2):
    - Realm (= 10.7.2)
  - SwiftLint (0.43.1)

DEPENDENCIES:
  - Locksmith
  - Moya
  - PromiseKit
  - RealmSwift
  - SwiftLint

SPEC REPOS:
  trunk:
    - Alamofire
    - Locksmith
    - Moya
    - PromiseKit
    - Realm
    - RealmSwift
    - SwiftLint

SPEC CHECKSUMS:
  Alamofire: 2291f7d21ca607c491dd17642e5d40fdcda0e65c
  Locksmith: e9bebbaaa4cee3c511bc358a44f843c3fe00e21f
  Moya: 5b45dacb75adb009f97fde91c204c1e565d31916
  PromiseKit: 28fda91c973cc377875d8c0ea4f973013c05b6db
  Realm: e523da9ade306c5ae87e85dc09fdef148d3e1cc1
  RealmSwift: 4f6758c3adbdcc87f7b7777107226532a077f61c
  SwiftLint: 99f82d07b837b942dd563c668de129a03fc3fb52

PODFILE CHECKSUM: d239491bce23e0b8abd7678b3ae7312b4f1b4174

COCOAPODS: 1.11.3
